
Microsoft Visual Studio Solution File, Format Version 12.00
# Visual Studio 2013
VisualStudioVersion = 12.0.21005.1
MinimumVisualStudioVersion = 10.0.40219.1
Project("{8BC9CEB8-8B4A-11D0-8D11-00A0C91BC942}") = "Math", "Math.vcxproj", "{C143EAB4-3C1A-471B-A179-54723222C28C}"
EndProject
Project("{8BC9CEB8-8B4A-11D0-8D11-00A0C91BC942}") = "Test", "Test\Test.vcxproj", "{F33E3D8A-6C83-4367-88BE-578B0D3DF4EC}"
EndProject
Global
	GlobalSection(SolutionConfigurationPlatforms) = preSolution
		Debug|Win32 = Debug|Win32
		Debug|x64 = Debug|x64
		Release|Win32 = Release|Win32
		Release|x64 = Release|x64
	EndGlobalSection
	GlobalSection(ProjectConfigurationPlatforms) = postSolution
		{C143EAB4-3C1A-471B-A179-54723222C28C}.Debug|Win32.ActiveCfg = Debug|Win32
		{C143EAB4-3C1A-471B-A179-54723222C28C}.Debug|Win32.Build.0 = Debug|Win32
		{C143EAB4-3C1A-471B-A179-54723222C28C}.Debug|x64.ActiveCfg = Debug|x64
		{C143EAB4-3C1A-471B-A179-54723222C28C}.Debug|x64.Build.0 = Debug|x64
		{C143EAB4-3C1A-471B-A179-54723222C28C}.Release|Win32.ActiveCfg = Release|Win32
		{C143EAB4-3C1A-471B-A179-54723222C28C}.Release|Win32.Build.0 = Release|Win32
		{C143EAB4-3C1A-471B-A179-54723222C28C}.Release|x64.ActiveCfg = Release|x64
		{C143EAB4-3C1A-471B-A179-54723222C28C}.Release|x64.Build.0 = Release|x64
		{F33E3D8A-6C83-4367-88BE-578B0D3DF4EC}.Debug|Win32.ActiveCfg = Debug|Win32
		{F33E3D8A-6C83-4367-88BE-578B0D3DF4EC}.Debug|x64.ActiveCfg = Debug|x64
		{F33E3D8A-6C83-4367-88BE-578B0D3DF4EC}.Release|Win32.ActiveCfg = Release|Win32
		{F33E3D8A-6C83-4367-88BE-578B0D3DF4EC}.Release|x64.ActiveCfg = Release|x64
	EndGlobalSection
	GlobalSection(SolutionProperties) = preSolution
		HideSolutionNode = FALSE
	EndGlobalSection
EndGlobal
