<?xml version="1.0" encoding="utf-8"?>
<Project ToolsVersion="4.0" xmlns="http://schemas.microsoft.com/developer/msbuild/2003">
  <ItemGroup>
    <Filter Include="Sources">
      <UniqueIdentifier>{4FC737F1-C7A5-4376-A066-2A32D752A2FF}</UniqueIdentifier>
      <Extensions>cpp;c;cc;cxx;def;odl;idl;hpj;bat;asm;asmx</Extensions>
    </Filter>
  </ItemGroup>
  <ItemGroup>
    <ClInclude Include="..\Sources\SceneGraph\Buffer.h">
      <Filter>Sources</Filter>
    </ClInclude>
    <ClInclude Include="..\Sources\SceneGraph\Camera.h">
      <Filter>Sources</Filter>
    </ClInclude>
    <ClInclude Include="..\Sources\SceneGraph\Group.h">
      <Filter>Sources</Filter>
    </ClInclude>
    <ClInclude Include="..\Sources\SceneGraph\Light.h">
      <Filter>Sources</Filter>
    </ClInclude>
    <ClInclude Include="..\Sources\SceneGraph\Material.h">
      <Filter>Sources</Filter>
    </ClInclude>
    <ClInclude Include="..\Sources\SceneGraph\MathModel.h">
      <Filter>Sources</Filter>
    </ClInclude>
    <ClInclude Include="..\Sources\SceneGraph\Object.h">
      <Filter>Sources</Filter>
    </ClInclude>
    <ClInclude Include="..\Sources\SceneGraph\Order.h">
      <Filter>Sources</Filter>
    </ClInclude>
    <ClInclude Include="..\Sources\SceneGraph\Program.h">
      <Filter>Sources</Filter>
    </ClInclude>
    <ClInclude Include="..\Sources\SceneGraph\Scene.h">
      <Filter>Sources</Filter>
    </ClInclude>
    <ClInclude Include="..\Sources\SceneGraph\SceneGraph.h">
      <Filter>Sources</Filter>
    </ClInclude>
    <ClInclude Include="..\Sources\SceneGraph\Mesh.h">
      <Filter>Sources</Filter>
    </ClInclude>
    <ClInclude Include="..\Sources\SceneGraph\Segment.h">
      <Filter>Sources</Filter>
    </ClInclude>
    <ClInclude Include="..\Sources\SceneGraph\UniformBlockBinding.h">
      <Filter>Sources</Filter>
    </ClInclude>
    <ClInclude Include="..\Sources\SceneGraph\StandardTransforms.h">
      <Filter>Sources</Filter>
    </ClInclude>
    <ClInclude Include="..\Sources\SceneGraph\View.h">
      <Filter>Sources</Filter>
    </ClInclude>
    <ClInclude Include="..\Sources\SceneGraph\DrawCall.h">
      <Filter>Sources</Filter>
    </ClInclude>
  </ItemGroup>
  <ItemGroup>
    <ClCompile Include="..\Sources\SceneGraph\Scene.cpp">
      <Filter>Sources</Filter>
    </ClCompile>
  </ItemGroup>
</Project>